
Microsoft Visual Studio Solution File, Format Version 12.00
# Visual Studio Version 16
VisualStudioVersion = 16.0.31112.23
MinimumVisualStudioVersion = 10.0.40219.1
Project("{FAE04EC0-301F-11D3-BF4B-00C04F79EFBC}") = "NetCoreMemoryCache", "NetCoreMemoryCache.csproj", "{12AD8B42-AFA5-41BC-912E-C4E12F62136C}"
EndProject
Global
	GlobalSection(SolutionConfigurationPlatforms) = preSolution
		Debug|Any CPU = Debug|Any CPU
		Release|Any CPU = Release|Any CPU
	EndGlobalSection
	GlobalSection(ProjectConfigurationPlatforms) = postSolution
		{12AD8B42-AFA5-41BC-912E-C4E12F62136C}.Debug|Any CPU.ActiveCfg = Debug|Any CPU
		{12AD8B42-AFA5-41BC-912E-C4E12F62136C}.Debug|Any CPU.Build.0 = Debug|Any CPU
		{12AD8B42-AFA5-41BC-912E-C4E12F62136C}.Release|Any CPU.ActiveCfg = Release|Any CPU
		{12AD8B42-AFA5-41BC-912E-C4E12F62136C}.Release|Any CPU.Build.0 = Release|Any CPU
	EndGlobalSection
	GlobalSection(SolutionProperties) = preSolution
		HideSolutionNode = FALSE
	EndGlobalSection
	GlobalSection(ExtensibilityGlobals) = postSolution
		SolutionGuid = {EB9F7886-63A2-418A-A9EE-D430C24E3A27}
	EndGlobalSection
EndGlobal
